// !$*UTF8*$!
{
	archiveVersion = 1;
	classes = {
	};
	objectVersion = 51;
	objects = {

/* Begin PBXBuildFile section */
		79E6527585CEA12C7F96FD1C /* Pods_Prune.framework in Frameworks */ = {isa = PBXBuildFile; fileRef = D2FC4023F18644BA239A2BAD /* Pods_Prune.framework */; };
		B5247031252C53A1006CCFD3 /* WriteToLog.swift in Sources */ = {isa = PBXBuildFile; fileRef = B5247030252C53A1006CCFD3 /* WriteToLog.swift */; };
		B58981E923B3DAC800CC3C5B /* Credentials2.swift in Sources */ = {isa = PBXBuildFile; fileRef = B58981E823B3DAC700CC3C5B /* Credentials2.swift */; };
		B58A313F23A1397E0023EA63 /* AppDelegate.swift in Sources */ = {isa = PBXBuildFile; fileRef = B58A313E23A1397E0023EA63 /* AppDelegate.swift */; };
		B58A314123A1397E0023EA63 /* ViewController.swift in Sources */ = {isa = PBXBuildFile; fileRef = B58A314023A1397E0023EA63 /* ViewController.swift */; };
		B58A314323A139810023EA63 /* Assets.xcassets in Resources */ = {isa = PBXBuildFile; fileRef = B58A314223A139810023EA63 /* Assets.xcassets */; };
		B58A314623A139810023EA63 /* Main.storyboard in Resources */ = {isa = PBXBuildFile; fileRef = B58A314423A139810023EA63 /* Main.storyboard */; };
		B58A314F23A13CF30023EA63 /* Json.swift in Sources */ = {isa = PBXBuildFile; fileRef = B58A314E23A13CF30023EA63 /* Json.swift */; };
		B5B3096623AD3857004BA9DB /* Alert.swift in Sources */ = {isa = PBXBuildFile; fileRef = B5B3096523AD3857004BA9DB /* Alert.swift */; };
		B5B3096C23B05120004BA9DB /* Globals.swift in Sources */ = {isa = PBXBuildFile; fileRef = B5B3096B23B05120004BA9DB /* Globals.swift */; };
		B5DF4D6C23A5771A00225468 /* Time.swift in Sources */ = {isa = PBXBuildFile; fileRef = B5DF4D6B23A5771A00225468 /* Time.swift */; };
		B5DF4D6E23A7103200225468 /* Xml.swift in Sources */ = {isa = PBXBuildFile; fileRef = B5DF4D6D23A7103200225468 /* Xml.swift */; };
/* End PBXBuildFile section */

/* Begin PBXFileReference section */
		2C9F5788682D6C3F4E50DC11 /* Pods-Prune.debug.xcconfig */ = {isa = PBXFileReference; includeInIndex = 1; lastKnownFileType = text.xcconfig; name = "Pods-Prune.debug.xcconfig"; path = "Target Support Files/Pods-Prune/Pods-Prune.debug.xcconfig"; sourceTree = "<group>"; };
		3B4BFF58D8F7DEFE4EB7A2C5 /* Pods-Prune.release.xcconfig */ = {isa = PBXFileReference; includeInIndex = 1; lastKnownFileType = text.xcconfig; name = "Pods-Prune.release.xcconfig"; path = "Target Support Files/Pods-Prune/Pods-Prune.release.xcconfig"; sourceTree = "<group>"; };
		B5247030252C53A1006CCFD3 /* WriteToLog.swift */ = {isa = PBXFileReference; fileEncoding = 4; lastKnownFileType = sourcecode.swift; path = WriteToLog.swift; sourceTree = "<group>"; };
		B58981E823B3DAC700CC3C5B /* Credentials2.swift */ = {isa = PBXFileReference; fileEncoding = 4; lastKnownFileType = sourcecode.swift; path = Credentials2.swift; sourceTree = "<group>"; };
		B58A313B23A1397E0023EA63 /* Prune.app */ = {isa = PBXFileReference; explicitFileType = wrapper.application; includeInIndex = 0; path = Prune.app; sourceTree = BUILT_PRODUCTS_DIR; };
		B58A313E23A1397E0023EA63 /* AppDelegate.swift */ = {isa = PBXFileReference; lastKnownFileType = sourcecode.swift; path = AppDelegate.swift; sourceTree = "<group>"; };
		B58A314023A1397E0023EA63 /* ViewController.swift */ = {isa = PBXFileReference; lastKnownFileType = sourcecode.swift; path = ViewController.swift; sourceTree = "<group>"; };
		B58A314223A139810023EA63 /* Assets.xcassets */ = {isa = PBXFileReference; lastKnownFileType = folder.assetcatalog; path = Assets.xcassets; sourceTree = "<group>"; };
		B58A314523A139810023EA63 /* Base */ = {isa = PBXFileReference; lastKnownFileType = file.storyboard; name = Base; path = Base.lproj/Main.storyboard; sourceTree = "<group>"; };
		B58A314723A139810023EA63 /* Info.plist */ = {isa = PBXFileReference; lastKnownFileType = text.plist.xml; path = Info.plist; sourceTree = "<group>"; };
		B58A314823A139810023EA63 /* prune.entitlements */ = {isa = PBXFileReference; lastKnownFileType = text.plist.entitlements; path = prune.entitlements; sourceTree = "<group>"; };
		B58A314E23A13CF30023EA63 /* Json.swift */ = {isa = PBXFileReference; lastKnownFileType = sourcecode.swift; path = Json.swift; sourceTree = "<group>"; };
		B5B3096523AD3857004BA9DB /* Alert.swift */ = {isa = PBXFileReference; lastKnownFileType = sourcecode.swift; path = Alert.swift; sourceTree = "<group>"; };
		B5B3096B23B05120004BA9DB /* Globals.swift */ = {isa = PBXFileReference; lastKnownFileType = sourcecode.swift; path = Globals.swift; sourceTree = "<group>"; };
		B5DF4D6B23A5771A00225468 /* Time.swift */ = {isa = PBXFileReference; lastKnownFileType = sourcecode.swift; path = Time.swift; sourceTree = "<group>"; };
		B5DF4D6D23A7103200225468 /* Xml.swift */ = {isa = PBXFileReference; lastKnownFileType = sourcecode.swift; path = Xml.swift; sourceTree = "<group>"; };
		D2FC4023F18644BA239A2BAD /* Pods_Prune.framework */ = {isa = PBXFileReference; explicitFileType = wrapper.framework; includeInIndex = 0; path = Pods_Prune.framework; sourceTree = BUILT_PRODUCTS_DIR; };
/* End PBXFileReference section */

/* Begin PBXFrameworksBuildPhase section */
		B58A313823A1397E0023EA63 /* Frameworks */ = {
			isa = PBXFrameworksBuildPhase;
			buildActionMask = 2147483647;
			files = (
				79E6527585CEA12C7F96FD1C /* Pods_Prune.framework in Frameworks */,
			);
			runOnlyForDeploymentPostprocessing = 0;
		};
/* End PBXFrameworksBuildPhase section */

/* Begin PBXGroup section */
		410D086700EC743CE33D0EA3 /* Pods */ = {
			isa = PBXGroup;
			children = (
				2C9F5788682D6C3F4E50DC11 /* Pods-Prune.debug.xcconfig */,
				3B4BFF58D8F7DEFE4EB7A2C5 /* Pods-Prune.release.xcconfig */,
			);
			path = Pods;
			sourceTree = "<group>";
		};
		8B9EE648D7394CF115D2B948 /* Frameworks */ = {
			isa = PBXGroup;
			children = (
				D2FC4023F18644BA239A2BAD /* Pods_Prune.framework */,
			);
			name = Frameworks;
			sourceTree = "<group>";
		};
		B58A313223A1397E0023EA63 = {
			isa = PBXGroup;
			children = (
				B58A313D23A1397E0023EA63 /* prune */,
				B58A313C23A1397E0023EA63 /* Products */,
				410D086700EC743CE33D0EA3 /* Pods */,
				8B9EE648D7394CF115D2B948 /* Frameworks */,
			);
			sourceTree = "<group>";
		};
		B58A313C23A1397E0023EA63 /* Products */ = {
			isa = PBXGroup;
			children = (
				B58A313B23A1397E0023EA63 /* Prune.app */,
			);
			name = Products;
			sourceTree = "<group>";
		};
		B58A313D23A1397E0023EA63 /* prune */ = {
			isa = PBXGroup;
			children = (
				B5B3096523AD3857004BA9DB /* Alert.swift */,
				B58A313E23A1397E0023EA63 /* AppDelegate.swift */,
				B58981E823B3DAC700CC3C5B /* Credentials2.swift */,
				B5B3096B23B05120004BA9DB /* Globals.swift */,
				B58A314E23A13CF30023EA63 /* Json.swift */,
				B5DF4D6B23A5771A00225468 /* Time.swift */,
				B58A314023A1397E0023EA63 /* ViewController.swift */,
				B5247030252C53A1006CCFD3 /* WriteToLog.swift */,
				B5DF4D6D23A7103200225468 /* Xml.swift */,
				B58A314223A139810023EA63 /* Assets.xcassets */,
				B58A314423A139810023EA63 /* Main.storyboard */,
				B58A314723A139810023EA63 /* Info.plist */,
				B58A314823A139810023EA63 /* prune.entitlements */,
			);
			path = prune;
			sourceTree = "<group>";
		};
/* End PBXGroup section */

/* Begin PBXNativeTarget section */
		B58A313A23A1397E0023EA63 /* Prune */ = {
			isa = PBXNativeTarget;
			buildConfigurationList = B58A314B23A139810023EA63 /* Build configuration list for PBXNativeTarget "Prune" */;
			buildPhases = (
				59C17E23E29523904B2A1EEE /* [CP] Check Pods Manifest.lock */,
				B58A313723A1397E0023EA63 /* Sources */,
				B58A313823A1397E0023EA63 /* Frameworks */,
				B58A313923A1397E0023EA63 /* Resources */,
				4F3C81F00D27BFA0AA5B9507 /* [CP] Embed Pods Frameworks */,
			);
			buildRules = (
			);
			dependencies = (
			);
			name = Prune;
			productName = prune;
			productReference = B58A313B23A1397E0023EA63 /* Prune.app */;
			productType = "com.apple.product-type.application";
		};
/* End PBXNativeTarget section */

/* Begin PBXProject section */
		B58A313323A1397E0023EA63 /* Project object */ = {
			isa = PBXProject;
			attributes = {
				LastSwiftUpdateCheck = 1120;
				LastUpgradeCheck = 1240;
				ORGANIZATIONNAME = "Leslie Helou";
				TargetAttributes = {
					B58A313A23A1397E0023EA63 = {
						CreatedOnToolsVersion = 11.2.1;
					};
				};
			};
			buildConfigurationList = B58A313623A1397E0023EA63 /* Build configuration list for PBXProject "Prune" */;
			compatibilityVersion = "Xcode 9.3";
			developmentRegion = en;
			hasScannedForEncodings = 0;
			knownRegions = (
				en,
				Base,
			);
			mainGroup = B58A313223A1397E0023EA63;
			productRefGroup = B58A313C23A1397E0023EA63 /* Products */;
			projectDirPath = "";
			projectRoot = "";
			targets = (
				B58A313A23A1397E0023EA63 /* Prune */,
			);
		};
/* End PBXProject section */

/* Begin PBXResourcesBuildPhase section */
		B58A313923A1397E0023EA63 /* Resources */ = {
			isa = PBXResourcesBuildPhase;
			buildActionMask = 2147483647;
			files = (
				B58A314323A139810023EA63 /* Assets.xcassets in Resources */,
				B58A314623A139810023EA63 /* Main.storyboard in Resources */,
			);
			runOnlyForDeploymentPostprocessing = 0;
		};
/* End PBXResourcesBuildPhase section */

/* Begin PBXShellScriptBuildPhase section */
		4F3C81F00D27BFA0AA5B9507 /* [CP] Embed Pods Frameworks */ = {
			isa = PBXShellScriptBuildPhase;
			buildActionMask = 2147483647;
			files = (
			);
			inputFileListPaths = (
				"${PODS_ROOT}/Target Support Files/Pods-Prune/Pods-Prune-frameworks-${CONFIGURATION}-input-files.xcfilelist",
			);
			name = "[CP] Embed Pods Frameworks";
			outputFileListPaths = (
				"${PODS_ROOT}/Target Support Files/Pods-Prune/Pods-Prune-frameworks-${CONFIGURATION}-output-files.xcfilelist",
			);
			runOnlyForDeploymentPostprocessing = 0;
			shellPath = /bin/sh;
			shellScript = "\"${PODS_ROOT}/Target Support Files/Pods-Prune/Pods-Prune-frameworks.sh\"\n";
			showEnvVarsInLog = 0;
		};
		59C17E23E29523904B2A1EEE /* [CP] Check Pods Manifest.lock */ = {
			isa = PBXShellScriptBuildPhase;
			buildActionMask = 2147483647;
			files = (
			);
			inputFileListPaths = (
			);
			inputPaths = (
				"${PODS_PODFILE_DIR_PATH}/Podfile.lock",
				"${PODS_ROOT}/Manifest.lock",
			);
			name = "[CP] Check Pods Manifest.lock";
			outputFileListPaths = (
			);
			outputPaths = (
				"$(DERIVED_FILE_DIR)/Pods-Prune-checkManifestLockResult.txt",
			);
			runOnlyForDeploymentPostprocessing = 0;
			shellPath = /bin/sh;
			shellScript = "diff \"${PODS_PODFILE_DIR_PATH}/Podfile.lock\" \"${PODS_ROOT}/Manifest.lock\" > /dev/null\nif [ $? != 0 ] ; then\n    # print error to STDERR\n    echo \"error: The sandbox is not in sync with the Podfile.lock. Run 'pod install' or update your CocoaPods installation.\" >&2\n    exit 1\nfi\n# This output is used by Xcode 'outputs' to avoid re-running this script phase.\necho \"SUCCESS\" > \"${SCRIPT_OUTPUT_FILE_0}\"\n";
			showEnvVarsInLog = 0;
		};
/* End PBXShellScriptBuildPhase section */

/* Begin PBXSourcesBuildPhase section */
		B58A313723A1397E0023EA63 /* Sources */ = {
			isa = PBXSourcesBuildPhase;
			buildActionMask = 2147483647;
			files = (
				B5B3096623AD3857004BA9DB /* Alert.swift in Sources */,
				B5247031252C53A1006CCFD3 /* WriteToLog.swift in Sources */,
				B5DF4D6C23A5771A00225468 /* Time.swift in Sources */,
				B58A314F23A13CF30023EA63 /* Json.swift in Sources */,
				B58A314123A1397E0023EA63 /* ViewController.swift in Sources */,
				B58A313F23A1397E0023EA63 /* AppDelegate.swift in Sources */,
				B58981E923B3DAC800CC3C5B /* Credentials2.swift in Sources */,
				B5B3096C23B05120004BA9DB /* Globals.swift in Sources */,
				B5DF4D6E23A7103200225468 /* Xml.swift in Sources */,
			);
			runOnlyForDeploymentPostprocessing = 0;
		};
/* End PBXSourcesBuildPhase section */

/* Begin PBXVariantGroup section */
		B58A314423A139810023EA63 /* Main.storyboard */ = {
			isa = PBXVariantGroup;
			children = (
				B58A314523A139810023EA63 /* Base */,
			);
			name = Main.storyboard;
			sourceTree = "<group>";
		};
/* End PBXVariantGroup section */

/* Begin XCBuildConfiguration section */
		B58A314923A139810023EA63 /* Debug */ = {
			isa = XCBuildConfiguration;
			buildSettings = {
				ALWAYS_SEARCH_USER_PATHS = NO;
				CLANG_ANALYZER_NONNULL = YES;
				CLANG_ANALYZER_NUMBER_OBJECT_CONVERSION = YES_AGGRESSIVE;
				CLANG_CXX_LANGUAGE_STANDARD = "gnu++14";
				CLANG_CXX_LIBRARY = "libc++";
				CLANG_ENABLE_MODULES = YES;
				CLANG_ENABLE_OBJC_ARC = YES;
				CLANG_ENABLE_OBJC_WEAK = YES;
				CLANG_WARN_BLOCK_CAPTURE_AUTORELEASING = YES;
				CLANG_WARN_BOOL_CONVERSION = YES;
				CLANG_WARN_COMMA = YES;
				CLANG_WARN_CONSTANT_CONVERSION = YES;
				CLANG_WARN_DEPRECATED_OBJC_IMPLEMENTATIONS = YES;
				CLANG_WARN_DIRECT_OBJC_ISA_USAGE = YES_ERROR;
				CLANG_WARN_DOCUMENTATION_COMMENTS = YES;
				CLANG_WARN_EMPTY_BODY = YES;
				CLANG_WARN_ENUM_CONVERSION = YES;
				CLANG_WARN_INFINITE_RECURSION = YES;
				CLANG_WARN_INT_CONVERSION = YES;
				CLANG_WARN_NON_LITERAL_NULL_CONVERSION = YES;
				CLANG_WARN_OBJC_IMPLICIT_RETAIN_SELF = YES;
				CLANG_WARN_OBJC_LITERAL_CONVERSION = YES;
				CLANG_WARN_OBJC_ROOT_CLASS = YES_ERROR;
				CLANG_WARN_QUOTED_INCLUDE_IN_FRAMEWORK_HEADER = YES;
				CLANG_WARN_RANGE_LOOP_ANALYSIS = YES;
				CLANG_WARN_STRICT_PROTOTYPES = YES;
				CLANG_WARN_SUSPICIOUS_MOVE = YES;
				CLANG_WARN_UNGUARDED_AVAILABILITY = YES_AGGRESSIVE;
				CLANG_WARN_UNREACHABLE_CODE = YES;
				CLANG_WARN__DUPLICATE_METHOD_MATCH = YES;
				COPY_PHASE_STRIP = NO;
				DEBUG_INFORMATION_FORMAT = dwarf;
				ENABLE_STRICT_OBJC_MSGSEND = YES;
				ENABLE_TESTABILITY = YES;
				GCC_C_LANGUAGE_STANDARD = gnu11;
				GCC_DYNAMIC_NO_PIC = NO;
				GCC_NO_COMMON_BLOCKS = YES;
				GCC_OPTIMIZATION_LEVEL = 0;
				GCC_PREPROCESSOR_DEFINITIONS = (
					"DEBUG=1",
					"$(inherited)",
				);
				GCC_WARN_64_TO_32_BIT_CONVERSION = YES;
				GCC_WARN_ABOUT_RETURN_TYPE = YES_ERROR;
				GCC_WARN_UNDECLARED_SELECTOR = YES;
				GCC_WARN_UNINITIALIZED_AUTOS = YES_AGGRESSIVE;
				GCC_WARN_UNUSED_FUNCTION = YES;
				GCC_WARN_UNUSED_VARIABLE = YES;
				MACOSX_DEPLOYMENT_TARGET = 10.15;
				MTL_ENABLE_DEBUG_INFO = INCLUDE_SOURCE;
				MTL_FAST_MATH = YES;
				ONLY_ACTIVE_ARCH = YES;
				SDKROOT = macosx;
				SWIFT_ACTIVE_COMPILATION_CONDITIONS = DEBUG;
				SWIFT_OPTIMIZATION_LEVEL = "-Onone";
			};
			name = Debug;
		};
		B58A314A23A139810023EA63 /* Release */ = {
			isa = XCBuildConfiguration;
			buildSettings = {
				ALWAYS_SEARCH_USER_PATHS = NO;
				CLANG_ANALYZER_NONNULL = YES;
				CLANG_ANALYZER_NUMBER_OBJECT_CONVERSION = YES_AGGRESSIVE;
				CLANG_CXX_LANGUAGE_STANDARD = "gnu++14";
				CLANG_CXX_LIBRARY = "libc++";
				CLANG_ENABLE_MODULES = YES;
				CLANG_ENABLE_OBJC_ARC = YES;
				CLANG_ENABLE_OBJC_WEAK = YES;
				CLANG_WARN_BLOCK_CAPTURE_AUTORELEASING = YES;
				CLANG_WARN_BOOL_CONVERSION = YES;
				CLANG_WARN_COMMA = YES;
				CLANG_WARN_CONSTANT_CONVERSION = YES;
				CLANG_WARN_DEPRECATED_OBJC_IMPLEMENTATIONS = YES;
				CLANG_WARN_DIRECT_OBJC_ISA_USAGE = YES_ERROR;
				CLANG_WARN_DOCUMENTATION_COMMENTS = YES;
				CLANG_WARN_EMPTY_BODY = YES;
				CLANG_WARN_ENUM_CONVERSION = YES;
				CLANG_WARN_INFINITE_RECURSION = YES;
				CLANG_WARN_INT_CONVERSION = YES;
				CLANG_WARN_NON_LITERAL_NULL_CONVERSION = YES;
				CLANG_WARN_OBJC_IMPLICIT_RETAIN_SELF = YES;
				CLANG_WARN_OBJC_LITERAL_CONVERSION = YES;
				CLANG_WARN_OBJC_ROOT_CLASS = YES_ERROR;
				CLANG_WARN_QUOTED_INCLUDE_IN_FRAMEWORK_HEADER = YES;
				CLANG_WARN_RANGE_LOOP_ANALYSIS = YES;
				CLANG_WARN_STRICT_PROTOTYPES = YES;
				CLANG_WARN_SUSPICIOUS_MOVE = YES;
				CLANG_WARN_UNGUARDED_AVAILABILITY = YES_AGGRESSIVE;
				CLANG_WARN_UNREACHABLE_CODE = YES;
				CLANG_WARN__DUPLICATE_METHOD_MATCH = YES;
				COPY_PHASE_STRIP = NO;
				DEBUG_INFORMATION_FORMAT = "dwarf-with-dsym";
				ENABLE_NS_ASSERTIONS = NO;
				ENABLE_STRICT_OBJC_MSGSEND = YES;
				GCC_C_LANGUAGE_STANDARD = gnu11;
				GCC_NO_COMMON_BLOCKS = YES;
				GCC_WARN_64_TO_32_BIT_CONVERSION = YES;
				GCC_WARN_ABOUT_RETURN_TYPE = YES_ERROR;
				GCC_WARN_UNDECLARED_SELECTOR = YES;
				GCC_WARN_UNINITIALIZED_AUTOS = YES_AGGRESSIVE;
				GCC_WARN_UNUSED_FUNCTION = YES;
				GCC_WARN_UNUSED_VARIABLE = YES;
				MACOSX_DEPLOYMENT_TARGET = 10.15;
				MTL_ENABLE_DEBUG_INFO = NO;
				MTL_FAST_MATH = YES;
				SDKROOT = macosx;
				SWIFT_COMPILATION_MODE = wholemodule;
				SWIFT_OPTIMIZATION_LEVEL = "-O";
			};
			name = Release;
		};
		B58A314C23A139810023EA63 /* Debug */ = {
			isa = XCBuildConfiguration;
			baseConfigurationReference = 2C9F5788682D6C3F4E50DC11 /* Pods-Prune.debug.xcconfig */;
			buildSettings = {
				ASSETCATALOG_COMPILER_APPICON_NAME = AppIcon;
				CODE_SIGN_ENTITLEMENTS = prune/prune.entitlements;
				CODE_SIGN_IDENTITY = "Apple Development";
				CODE_SIGN_STYLE = Automatic;
				COMBINE_HIDPI_IMAGES = YES;
				DEVELOPMENT_TEAM = PS2F6S478M;
				ENABLE_HARDENED_RUNTIME = YES;
				INFOPLIST_FILE = prune/Info.plist;
				LD_RUNPATH_SEARCH_PATHS = (
					"$(inherited)",
					"@executable_path/../Frameworks",
				);
				MACOSX_DEPLOYMENT_TARGET = 10.13;
				MARKETING_VERSION = 1.5.0;
				PRODUCT_BUNDLE_IDENTIFIER = com.jamf.pse.prune;
				PRODUCT_NAME = "$(TARGET_NAME)";
				SWIFT_VERSION = 5.0;
			};
			name = Debug;
		};
		B58A314D23A139810023EA63 /* Release */ = {
			isa = XCBuildConfiguration;
			baseConfigurationReference = 3B4BFF58D8F7DEFE4EB7A2C5 /* Pods-Prune.release.xcconfig */;
			buildSettings = {
				ASSETCATALOG_COMPILER_APPICON_NAME = AppIcon;
				CODE_SIGN_ENTITLEMENTS = prune/prune.entitlements;
				CODE_SIGN_IDENTITY = "Apple Development";
				CODE_SIGN_STYLE = Automatic;
				COMBINE_HIDPI_IMAGES = YES;
				DEVELOPMENT_TEAM = PS2F6S478M;
				ENABLE_HARDENED_RUNTIME = YES;
				INFOPLIST_FILE = prune/Info.plist;
				LD_RUNPATH_SEARCH_PATHS = (
					"$(inherited)",
					"@executable_path/../Frameworks",
				);
				MACOSX_DEPLOYMENT_TARGET = 10.13;
				MARKETING_VERSION = 1.5.0;
				PRODUCT_BUNDLE_IDENTIFIER = com.jamf.pse.prune;
				PRODUCT_NAME = "$(TARGET_NAME)";
				SWIFT_VERSION = 5.0;
			};
			name = Release;
		};
/* End XCBuildConfiguration section */

/* Begin XCConfigurationList section */
		B58A313623A1397E0023EA63 /* Build configuration list for PBXProject "Prune" */ = {
			isa = XCConfigurationList;
			buildConfigurations = (
				B58A314923A139810023EA63 /* Debug */,
				B58A314A23A139810023EA63 /* Release */,
			);
			defaultConfigurationIsVisible = 0;
			defaultConfigurationName = Release;
		};
		B58A314B23A139810023EA63 /* Build configuration list for PBXNativeTarget "Prune" */ = {
			isa = XCConfigurationList;
			buildConfigurations = (
				B58A314C23A139810023EA63 /* Debug */,
				B58A314D23A139810023EA63 /* Release */,
			);
			defaultConfigurationIsVisible = 0;
			defaultConfigurationName = Release;
		};
/* End XCConfigurationList section */
	};
	rootObject = B58A313323A1397E0023EA63 /* Project object */;
}
